{
	"requires": true,
	"lockfileVersion": 1,
	"dependencies": {
		"jsbarcode": {
			"version": "3.9.0",
			"resolved": "https://registry.npmjs.org/jsbarcode/-/jsbarcode-3.9.0.tgz",
			"integrity": "sha512-FWuQ+XJTvtF8urAjJCYxb14cA1QzItGj8Cw8Wnwii6KluWuPmmRbeP5G5Utbn7gy6yA+4vaaUg7GLii/dzXTBA=="
		}
	}
}
